{
  "name": "viz-observer",
  "version": "1.0.0",
  "lockfileVersion": 2,
  "requires": true,
  "packages": {
    "": {
      "version": "1.0.0",
      "license": "Apache-2.0",
      "devDependencies": {
        "@types/resize-observer-browser": "^0.1.5"
      }
    },
    "node_modules/@types/resize-observer-browser": {
      "version": "0.1.5",
      "resolved": "https://registry.npmjs.org/@types/resize-observer-browser/-/resize-observer-browser-0.1.5.tgz",
      "integrity": "sha512-8k/67Z95Goa6Lznuykxkfhq9YU3l1Qe6LNZmwde1u7802a3x8v44oq0j91DICclxatTr0rNnhXx7+VTIetSrSQ==",
      "dev": true
    }
  },
  "dependencies": {
    "@types/resize-observer-browser": {
      "version": "0.1.5",
      "resolved": "https://registry.npmjs.org/@types/resize-observer-browser/-/resize-observer-browser-0.1.5.tgz",
      "integrity": "sha512-8k/67Z95Goa6Lznuykxkfhq9YU3l1Qe6LNZmwde1u7802a3x8v44oq0j91DICclxatTr0rNnhXx7+VTIetSrSQ==",
      "dev": true
    }
  }
}
